// !$*UTF8*$!
{
	archiveVersion = 1;
	classes = {
	};
	objectVersion = 50;
	objects = {

/* Begin PBXBuildFile section */
		69F86120B1299E3EB935E5B4 /* Pods_speech_test.framework in Frameworks */ = {isa = PBXBuildFile; fileRef = C717018BB1741551AE5D0D06 /* Pods_speech_test.framework */; };
		CE05C0B824A00B1100F58CDF /* TableViewCell.swift in Sources */ = {isa = PBXBuildFile; fileRef = CE05C0B624A00B1100F58CDF /* TableViewCell.swift */; };
		CE05C0B924A00B1100F58CDF /* TableViewCell.xib in Resources */ = {isa = PBXBuildFile; fileRef = CE05C0B724A00B1100F58CDF /* TableViewCell.xib */; };
		CE3FFF58249A5C7D005D45F1 /* AppDelegate.swift in Sources */ = {isa = PBXBuildFile; fileRef = CE3FFF57249A5C7D005D45F1 /* AppDelegate.swift */; };
		CE3FFF5A249A5C7D005D45F1 /* SceneDelegate.swift in Sources */ = {isa = PBXBuildFile; fileRef = CE3FFF59249A5C7D005D45F1 /* SceneDelegate.swift */; };
		CE3FFF5C249A5C7D005D45F1 /* ViewController.swift in Sources */ = {isa = PBXBuildFile; fileRef = CE3FFF5B249A5C7D005D45F1 /* ViewController.swift */; };
		CE3FFF5F249A5C7D005D45F1 /* Main.storyboard in Resources */ = {isa = PBXBuildFile; fileRef = CE3FFF5D249A5C7D005D45F1 /* Main.storyboard */; };
		CE3FFF61249A5C7F005D45F1 /* Assets.xcassets in Resources */ = {isa = PBXBuildFile; fileRef = CE3FFF60249A5C7F005D45F1 /* Assets.xcassets */; };
		CE3FFF64249A5C7F005D45F1 /* LaunchScreen.storyboard in Resources */ = {isa = PBXBuildFile; fileRef = CE3FFF62249A5C7F005D45F1 /* LaunchScreen.storyboard */; };
		CEB49367249B75580045C925 /* monkey.mp4 in Resources */ = {isa = PBXBuildFile; fileRef = CEB49364249B75580045C925 /* monkey.mp4 */; };
		CEB49368249B75580045C925 /* bird.mp4 in Resources */ = {isa = PBXBuildFile; fileRef = CEB49365249B75580045C925 /* bird.mp4 */; };
		CEB49369249B75580045C925 /* cat.mp4 in Resources */ = {isa = PBXBuildFile; fileRef = CEB49366249B75580045C925 /* cat.mp4 */; };
		CEB4936B249B7B490045C925 /* data.json in Resources */ = {isa = PBXBuildFile; fileRef = CEB4936A249B7B490045C925 /* data.json */; };
/* End PBXBuildFile section */

/* Begin PBXFileReference section */
		52ECD812F55795A4083CBBFF /* Pods-speech_test.release.xcconfig */ = {isa = PBXFileReference; includeInIndex = 1; lastKnownFileType = text.xcconfig; name = "Pods-speech_test.release.xcconfig"; path = "Target Support Files/Pods-speech_test/Pods-speech_test.release.xcconfig"; sourceTree = "<group>"; };
		C717018BB1741551AE5D0D06 /* Pods_speech_test.framework */ = {isa = PBXFileReference; explicitFileType = wrapper.framework; includeInIndex = 0; path = Pods_speech_test.framework; sourceTree = BUILT_PRODUCTS_DIR; };
		CE05C0B624A00B1100F58CDF /* TableViewCell.swift */ = {isa = PBXFileReference; lastKnownFileType = sourcecode.swift; path = TableViewCell.swift; sourceTree = "<group>"; };
		CE05C0B724A00B1100F58CDF /* TableViewCell.xib */ = {isa = PBXFileReference; lastKnownFileType = file.xib; path = TableViewCell.xib; sourceTree = "<group>"; };
		CE1F0296E0341895A7AD555B /* Pods-speech_test.debug.xcconfig */ = {isa = PBXFileReference; includeInIndex = 1; lastKnownFileType = text.xcconfig; name = "Pods-speech_test.debug.xcconfig"; path = "Target Support Files/Pods-speech_test/Pods-speech_test.debug.xcconfig"; sourceTree = "<group>"; };
		CE3FFF54249A5C7D005D45F1 /* speech_test.app */ = {isa = PBXFileReference; explicitFileType = wrapper.application; includeInIndex = 0; path = speech_test.app; sourceTree = BUILT_PRODUCTS_DIR; };
		CE3FFF57249A5C7D005D45F1 /* AppDelegate.swift */ = {isa = PBXFileReference; lastKnownFileType = sourcecode.swift; path = AppDelegate.swift; sourceTree = "<group>"; };
		CE3FFF59249A5C7D005D45F1 /* SceneDelegate.swift */ = {isa = PBXFileReference; lastKnownFileType = sourcecode.swift; path = SceneDelegate.swift; sourceTree = "<group>"; };
		CE3FFF5B249A5C7D005D45F1 /* ViewController.swift */ = {isa = PBXFileReference; lastKnownFileType = sourcecode.swift; path = ViewController.swift; sourceTree = "<group>"; };
		CE3FFF5E249A5C7D005D45F1 /* Base */ = {isa = PBXFileReference; lastKnownFileType = file.storyboard; name = Base; path = Base.lproj/Main.storyboard; sourceTree = "<group>"; };
		CE3FFF60249A5C7F005D45F1 /* Assets.xcassets */ = {isa = PBXFileReference; lastKnownFileType = folder.assetcatalog; path = Assets.xcassets; sourceTree = "<group>"; };
		CE3FFF63249A5C7F005D45F1 /* Base */ = {isa = PBXFileReference; lastKnownFileType = file.storyboard; name = Base; path = Base.lproj/LaunchScreen.storyboard; sourceTree = "<group>"; };
		CE3FFF65249A5C7F005D45F1 /* Info.plist */ = {isa = PBXFileReference; lastKnownFileType = text.plist.xml; path = Info.plist; sourceTree = "<group>"; };
		CEB49364249B75580045C925 /* monkey.mp4 */ = {isa = PBXFileReference; lastKnownFileType = file; name = monkey.mp4; path = ../../../monkey.mp4; sourceTree = "<group>"; };
		CEB49365249B75580045C925 /* bird.mp4 */ = {isa = PBXFileReference; lastKnownFileType = file; name = bird.mp4; path = ../../../bird.mp4; sourceTree = "<group>"; };
		CEB49366249B75580045C925 /* cat.mp4 */ = {isa = PBXFileReference; lastKnownFileType = file; name = cat.mp4; path = ../../../cat.mp4; sourceTree = "<group>"; };
		CEB4936A249B7B490045C925 /* data.json */ = {isa = PBXFileReference; lastKnownFileType = text.json; path = data.json; sourceTree = "<group>"; };
/* End PBXFileReference section */

/* Begin PBXFrameworksBuildPhase section */
		CE3FFF51249A5C7D005D45F1 /* Frameworks */ = {
			isa = PBXFrameworksBuildPhase;
			buildActionMask = 2147483647;
			files = (
				69F86120B1299E3EB935E5B4 /* Pods_speech_test.framework in Frameworks */,
			);
			runOnlyForDeploymentPostprocessing = 0;
		};
/* End PBXFrameworksBuildPhase section */

/* Begin PBXGroup section */
		1761FD3E7BE0F5A6819CFDE6 /* Frameworks */ = {
			isa = PBXGroup;
			children = (
				C717018BB1741551AE5D0D06 /* Pods_speech_test.framework */,
			);
			name = Frameworks;
			sourceTree = "<group>";
		};
		C0A5B99C9557345DED5C0FAB /* Pods */ = {
			isa = PBXGroup;
			children = (
				CE1F0296E0341895A7AD555B /* Pods-speech_test.debug.xcconfig */,
				52ECD812F55795A4083CBBFF /* Pods-speech_test.release.xcconfig */,
			);
			path = Pods;
			sourceTree = "<group>";
		};
		CE05C0B524A00AE600F58CDF /* AnimalTableViewCell */ = {
			isa = PBXGroup;
			children = (
				CE05C0B624A00B1100F58CDF /* TableViewCell.swift */,
				CE05C0B724A00B1100F58CDF /* TableViewCell.xib */,
			);
			path = AnimalTableViewCell;
			sourceTree = "<group>";
		};
		CE3FFF4B249A5C7D005D45F1 = {
			isa = PBXGroup;
			children = (
				CE3FFF56249A5C7D005D45F1 /* speech_test */,
				CE3FFF55249A5C7D005D45F1 /* Products */,
				C0A5B99C9557345DED5C0FAB /* Pods */,
				1761FD3E7BE0F5A6819CFDE6 /* Frameworks */,
			);
			sourceTree = "<group>";
		};
		CE3FFF55249A5C7D005D45F1 /* Products */ = {
			isa = PBXGroup;
			children = (
				CE3FFF54249A5C7D005D45F1 /* speech_test.app */,
			);
			name = Products;
			sourceTree = "<group>";
		};
		CE3FFF56249A5C7D005D45F1 /* speech_test */ = {
			isa = PBXGroup;
			children = (
				CE3FFF5D249A5C7D005D45F1 /* Main.storyboard */,
				CE3FFF5B249A5C7D005D45F1 /* ViewController.swift */,
				CE05C0B524A00AE600F58CDF /* AnimalTableViewCell */,
				CE3FFF60249A5C7F005D45F1 /* Assets.xcassets */,
				CEB49363249B75420045C925 /* videos */,
				CE3FFF59249A5C7D005D45F1 /* SceneDelegate.swift */,
				CE3FFF57249A5C7D005D45F1 /* AppDelegate.swift */,
				CE3FFF62249A5C7F005D45F1 /* LaunchScreen.storyboard */,
				CE3FFF65249A5C7F005D45F1 /* Info.plist */,
				CEB4936A249B7B490045C925 /* data.json */,
			);
			path = speech_test;
			sourceTree = "<group>";
		};
		CEB49363249B75420045C925 /* videos */ = {
			isa = PBXGroup;
			children = (
				CEB49365249B75580045C925 /* bird.mp4 */,
				CEB49366249B75580045C925 /* cat.mp4 */,
				CEB49364249B75580045C925 /* monkey.mp4 */,
			);
			path = videos;
			sourceTree = "<group>";
		};
/* End PBXGroup section */

/* Begin PBXNativeTarget section */
		CE3FFF53249A5C7D005D45F1 /* speech_test */ = {
			isa = PBXNativeTarget;
			buildConfigurationList = CE3FFF68249A5C7F005D45F1 /* Build configuration list for PBXNativeTarget "speech_test" */;
			buildPhases = (
				9AA35CC348D9891C8BC757BF /* [CP] Check Pods Manifest.lock */,
				CE3FFF50249A5C7D005D45F1 /* Sources */,
				CE3FFF51249A5C7D005D45F1 /* Frameworks */,
				CE3FFF52249A5C7D005D45F1 /* Resources */,
			);
			buildRules = (
			);
			dependencies = (
			);
			name = speech_test;
			productName = speech_test;
			productReference = CE3FFF54249A5C7D005D45F1 /* speech_test.app */;
			productType = "com.apple.product-type.application";
		};
/* End PBXNativeTarget section */

/* Begin PBXProject section */
		CE3FFF4C249A5C7D005D45F1 /* Project object */ = {
			isa = PBXProject;
			attributes = {
				LastSwiftUpdateCheck = 1150;
				LastUpgradeCheck = 1150;
				ORGANIZATIONNAME = user;
				TargetAttributes = {
					CE3FFF53249A5C7D005D45F1 = {
						CreatedOnToolsVersion = 11.5;
					};
				};
			};
			buildConfigurationList = CE3FFF4F249A5C7D005D45F1 /* Build configuration list for PBXProject "speech_test" */;
			compatibilityVersion = "Xcode 9.3";
			developmentRegion = en;
			hasScannedForEncodings = 0;
			knownRegions = (
				en,
				Base,
			);
			mainGroup = CE3FFF4B249A5C7D005D45F1;
			productRefGroup = CE3FFF55249A5C7D005D45F1 /* Products */;
			projectDirPath = "";
			projectRoot = "";
			targets = (
				CE3FFF53249A5C7D005D45F1 /* speech_test */,
			);
		};
/* End PBXProject section */

/* Begin PBXResourcesBuildPhase section */
		CE3FFF52249A5C7D005D45F1 /* Resources */ = {
			isa = PBXResourcesBuildPhase;
			buildActionMask = 2147483647;
			files = (
				CEB49369249B75580045C925 /* cat.mp4 in Resources */,
				CEB4936B249B7B490045C925 /* data.json in Resources */,
				CEB49367249B75580045C925 /* monkey.mp4 in Resources */,
				CE3FFF64249A5C7F005D45F1 /* LaunchScreen.storyboard in Resources */,
				CE3FFF61249A5C7F005D45F1 /* Assets.xcassets in Resources */,
				CE05C0B924A00B1100F58CDF /* TableViewCell.xib in Resources */,
				CEB49368249B75580045C925 /* bird.mp4 in Resources */,
				CE3FFF5F249A5C7D005D45F1 /* Main.storyboard in Resources */,
			);
			runOnlyForDeploymentPostprocessing = 0;
		};
/* End PBXResourcesBuildPhase section */

/* Begin PBXShellScriptBuildPhase section */
		9AA35CC348D9891C8BC757BF /* [CP] Check Pods Manifest.lock */ = {
			isa = PBXShellScriptBuildPhase;
			buildActionMask = 2147483647;
			files = (
			);
			inputFileListPaths = (
			);
			inputPaths = (
				"${PODS_PODFILE_DIR_PATH}/Podfile.lock",
				"${PODS_ROOT}/Manifest.lock",
			);
			name = "[CP] Check Pods Manifest.lock";
			outputFileListPaths = (
			);
			outputPaths = (
				"$(DERIVED_FILE_DIR)/Pods-speech_test-checkManifestLockResult.txt",
			);
			runOnlyForDeploymentPostprocessing = 0;
			shellPath = /bin/sh;
			shellScript = "diff \"${PODS_PODFILE_DIR_PATH}/Podfile.lock\" \"${PODS_ROOT}/Manifest.lock\" > /dev/null\nif [ $? != 0 ] ; then\n    # print error to STDERR\n    echo \"error: The sandbox is not in sync with the Podfile.lock. Run 'pod install' or update your CocoaPods installation.\" >&2\n    exit 1\nfi\n# This output is used by Xcode 'outputs' to avoid re-running this script phase.\necho \"SUCCESS\" > \"${SCRIPT_OUTPUT_FILE_0}\"\n";
			showEnvVarsInLog = 0;
		};
/* End PBXShellScriptBuildPhase section */

/* Begin PBXSourcesBuildPhase section */
		CE3FFF50249A5C7D005D45F1 /* Sources */ = {
			isa = PBXSourcesBuildPhase;
			buildActionMask = 2147483647;
			files = (
				CE3FFF5C249A5C7D005D45F1 /* ViewController.swift in Sources */,
				CE05C0B824A00B1100F58CDF /* TableViewCell.swift in Sources */,
				CE3FFF58249A5C7D005D45F1 /* AppDelegate.swift in Sources */,
				CE3FFF5A249A5C7D005D45F1 /* SceneDelegate.swift in Sources */,
			);
			runOnlyForDeploymentPostprocessing = 0;
		};
/* End PBXSourcesBuildPhase section */

/* Begin PBXVariantGroup section */
		CE3FFF5D249A5C7D005D45F1 /* Main.storyboard */ = {
			isa = PBXVariantGroup;
			children = (
				CE3FFF5E249A5C7D005D45F1 /* Base */,
			);
			name = Main.storyboard;
			sourceTree = "<group>";
		};
		CE3FFF62249A5C7F005D45F1 /* LaunchScreen.storyboard */ = {
			isa = PBXVariantGroup;
			children = (
				CE3FFF63249A5C7F005D45F1 /* Base */,
			);
			name = LaunchScreen.storyboard;
			sourceTree = "<group>";
		};
/* End PBXVariantGroup section */

/* Begin XCBuildConfiguration section */
		CE3FFF66249A5C7F005D45F1 /* Debug */ = {
			isa = XCBuildConfiguration;
			buildSettings = {
				ALWAYS_SEARCH_USER_PATHS = NO;
				CLANG_ANALYZER_NONNULL = YES;
				CLANG_ANALYZER_NUMBER_OBJECT_CONVERSION = YES_AGGRESSIVE;
				CLANG_CXX_LANGUAGE_STANDARD = "gnu++14";
				CLANG_CXX_LIBRARY = "libc++";
				CLANG_ENABLE_MODULES = YES;
				CLANG_ENABLE_OBJC_ARC = YES;
				CLANG_ENABLE_OBJC_WEAK = YES;
				CLANG_WARN_BLOCK_CAPTURE_AUTORELEASING = YES;
				CLANG_WARN_BOOL_CONVERSION = YES;
				CLANG_WARN_COMMA = YES;
				CLANG_WARN_CONSTANT_CONVERSION = YES;
				CLANG_WARN_DEPRECATED_OBJC_IMPLEMENTATIONS = YES;
				CLANG_WARN_DIRECT_OBJC_ISA_USAGE = YES_ERROR;
				CLANG_WARN_DOCUMENTATION_COMMENTS = YES;
				CLANG_WARN_EMPTY_BODY = YES;
				CLANG_WARN_ENUM_CONVERSION = YES;
				CLANG_WARN_INFINITE_RECURSION = YES;
				CLANG_WARN_INT_CONVERSION = YES;
				CLANG_WARN_NON_LITERAL_NULL_CONVERSION = YES;
				CLANG_WARN_OBJC_IMPLICIT_RETAIN_SELF = YES;
				CLANG_WARN_OBJC_LITERAL_CONVERSION = YES;
				CLANG_WARN_OBJC_ROOT_CLASS = YES_ERROR;
				CLANG_WARN_RANGE_LOOP_ANALYSIS = YES;
				CLANG_WARN_STRICT_PROTOTYPES = YES;
				CLANG_WARN_SUSPICIOUS_MOVE = YES;
				CLANG_WARN_UNGUARDED_AVAILABILITY = YES_AGGRESSIVE;
				CLANG_WARN_UNREACHABLE_CODE = YES;
				CLANG_WARN__DUPLICATE_METHOD_MATCH = YES;
				COPY_PHASE_STRIP = NO;
				DEBUG_INFORMATION_FORMAT = dwarf;
				ENABLE_STRICT_OBJC_MSGSEND = YES;
				ENABLE_TESTABILITY = YES;
				GCC_C_LANGUAGE_STANDARD = gnu11;
				GCC_DYNAMIC_NO_PIC = NO;
				GCC_NO_COMMON_BLOCKS = YES;
				GCC_OPTIMIZATION_LEVEL = 0;
				GCC_PREPROCESSOR_DEFINITIONS = (
					"DEBUG=1",
					"$(inherited)",
				);
				GCC_WARN_64_TO_32_BIT_CONVERSION = YES;
				GCC_WARN_ABOUT_RETURN_TYPE = YES_ERROR;
				GCC_WARN_UNDECLARED_SELECTOR = YES;
				GCC_WARN_UNINITIALIZED_AUTOS = YES_AGGRESSIVE;
				GCC_WARN_UNUSED_FUNCTION = YES;
				GCC_WARN_UNUSED_VARIABLE = YES;
				IPHONEOS_DEPLOYMENT_TARGET = 13.5;
				MTL_ENABLE_DEBUG_INFO = INCLUDE_SOURCE;
				MTL_FAST_MATH = YES;
				ONLY_ACTIVE_ARCH = YES;
				SDKROOT = iphoneos;
				SWIFT_ACTIVE_COMPILATION_CONDITIONS = DEBUG;
				SWIFT_OPTIMIZATION_LEVEL = "-Onone";
			};
			name = Debug;
		};
		CE3FFF67249A5C7F005D45F1 /* Release */ = {
			isa = XCBuildConfiguration;
			buildSettings = {
				ALWAYS_SEARCH_USER_PATHS = NO;
				CLANG_ANALYZER_NONNULL = YES;
				CLANG_ANALYZER_NUMBER_OBJECT_CONVERSION = YES_AGGRESSIVE;
				CLANG_CXX_LANGUAGE_STANDARD = "gnu++14";
				CLANG_CXX_LIBRARY = "libc++";
				CLANG_ENABLE_MODULES = YES;
				CLANG_ENABLE_OBJC_ARC = YES;
				CLANG_ENABLE_OBJC_WEAK = YES;
				CLANG_WARN_BLOCK_CAPTURE_AUTORELEASING = YES;
				CLANG_WARN_BOOL_CONVERSION = YES;
				CLANG_WARN_COMMA = YES;
				CLANG_WARN_CONSTANT_CONVERSION = YES;
				CLANG_WARN_DEPRECATED_OBJC_IMPLEMENTATIONS = YES;
				CLANG_WARN_DIRECT_OBJC_ISA_USAGE = YES_ERROR;
				CLANG_WARN_DOCUMENTATION_COMMENTS = YES;
				CLANG_WARN_EMPTY_BODY = YES;
				CLANG_WARN_ENUM_CONVERSION = YES;
				CLANG_WARN_INFINITE_RECURSION = YES;
				CLANG_WARN_INT_CONVERSION = YES;
				CLANG_WARN_NON_LITERAL_NULL_CONVERSION = YES;
				CLANG_WARN_OBJC_IMPLICIT_RETAIN_SELF = YES;
				CLANG_WARN_OBJC_LITERAL_CONVERSION = YES;
				CLANG_WARN_OBJC_ROOT_CLASS = YES_ERROR;
				CLANG_WARN_RANGE_LOOP_ANALYSIS = YES;
				CLANG_WARN_STRICT_PROTOTYPES = YES;
				CLANG_WARN_SUSPICIOUS_MOVE = YES;
				CLANG_WARN_UNGUARDED_AVAILABILITY = YES_AGGRESSIVE;
				CLANG_WARN_UNREACHABLE_CODE = YES;
				CLANG_WARN__DUPLICATE_METHOD_MATCH = YES;
				COPY_PHASE_STRIP = NO;
				DEBUG_INFORMATION_FORMAT = "dwarf-with-dsym";
				ENABLE_NS_ASSERTIONS = NO;
				ENABLE_STRICT_OBJC_MSGSEND = YES;
				GCC_C_LANGUAGE_STANDARD = gnu11;
				GCC_NO_COMMON_BLOCKS = YES;
				GCC_WARN_64_TO_32_BIT_CONVERSION = YES;
				GCC_WARN_ABOUT_RETURN_TYPE = YES_ERROR;
				GCC_WARN_UNDECLARED_SELECTOR = YES;
				GCC_WARN_UNINITIALIZED_AUTOS = YES_AGGRESSIVE;
				GCC_WARN_UNUSED_FUNCTION = YES;
				GCC_WARN_UNUSED_VARIABLE = YES;
				IPHONEOS_DEPLOYMENT_TARGET = 13.5;
				MTL_ENABLE_DEBUG_INFO = NO;
				MTL_FAST_MATH = YES;
				SDKROOT = iphoneos;
				SWIFT_COMPILATION_MODE = wholemodule;
				SWIFT_OPTIMIZATION_LEVEL = "-O";
				VALIDATE_PRODUCT = YES;
			};
			name = Release;
		};
		CE3FFF69249A5C7F005D45F1 /* Debug */ = {
			isa = XCBuildConfiguration;
			baseConfigurationReference = CE1F0296E0341895A7AD555B /* Pods-speech_test.debug.xcconfig */;
			buildSettings = {
				ASSETCATALOG_COMPILER_APPICON_NAME = AppIcon;
				CODE_SIGN_IDENTITY = "Apple Development";
				CODE_SIGN_STYLE = Automatic;
				DEVELOPMENT_TEAM = D76SN4VGSH;
				INFOPLIST_FILE = speech_test/Info.plist;
				LD_RUNPATH_SEARCH_PATHS = (
					"$(inherited)",
					"@executable_path/Frameworks",
				);
				PRODUCT_BUNDLE_IDENTIFIER = "user.speech-test";
				PRODUCT_NAME = "$(TARGET_NAME)";
				PROVISIONING_PROFILE_SPECIFIER = "";
				SWIFT_VERSION = 5.0;
				TARGETED_DEVICE_FAMILY = "1,2";
			};
			name = Debug;
		};
		CE3FFF6A249A5C7F005D45F1 /* Release */ = {
			isa = XCBuildConfiguration;
			baseConfigurationReference = 52ECD812F55795A4083CBBFF /* Pods-speech_test.release.xcconfig */;
			buildSettings = {
				ASSETCATALOG_COMPILER_APPICON_NAME = AppIcon;
				CODE_SIGN_IDENTITY = "Apple Development";
				CODE_SIGN_STYLE = Automatic;
				DEVELOPMENT_TEAM = D76SN4VGSH;
				INFOPLIST_FILE = speech_test/Info.plist;
				LD_RUNPATH_SEARCH_PATHS = (
					"$(inherited)",
					"@executable_path/Frameworks",
				);
				PRODUCT_BUNDLE_IDENTIFIER = "user.speech-test";
				PRODUCT_NAME = "$(TARGET_NAME)";
				PROVISIONING_PROFILE_SPECIFIER = "";
				SWIFT_VERSION = 5.0;
				TARGETED_DEVICE_FAMILY = "1,2";
			};
			name = Release;
		};
/* End XCBuildConfiguration section */

/* Begin XCConfigurationList section */
		CE3FFF4F249A5C7D005D45F1 /* Build configuration list for PBXProject "speech_test" */ = {
			isa = XCConfigurationList;
			buildConfigurations = (
				CE3FFF66249A5C7F005D45F1 /* Debug */,
				CE3FFF67249A5C7F005D45F1 /* Release */,
			);
			defaultConfigurationIsVisible = 0;
			defaultConfigurationName = Release;
		};
		CE3FFF68249A5C7F005D45F1 /* Build configuration list for PBXNativeTarget "speech_test" */ = {
			isa = XCConfigurationList;
			buildConfigurations = (
				CE3FFF69249A5C7F005D45F1 /* Debug */,
				CE3FFF6A249A5C7F005D45F1 /* Release */,
			);
			defaultConfigurationIsVisible = 0;
			defaultConfigurationName = Release;
		};
/* End XCConfigurationList section */
	};
	rootObject = CE3FFF4C249A5C7D005D45F1 /* Project object */;
}
